<Solution>
  <Folder Name="/Application/">
    <Project Path="ProductManager.Repository/ProductManager.Repository.csproj" />
    <Project Path="ProductManager.Service/ProductManager.Service.csproj" />
  </Folder>
  <Folder Name="/Core/">
    <Project Path="ProductManager.Domain/ProductManager.Domain.csproj" />
    <Project Path="ProductManager.EFCore/ProductManager.EFCore.csproj" />
  </Folder>
  <Folder Name="/Presentation/" />
  <Folder Name="/Presentation/API/">
    <Project Path="ProductManager.API.Presentation/ProductManager.API.Presentation.csproj" Id="ce1669f3-4a69-4b40-a0a9-570aea4fd96e" />
    <Project Path="ProductManager.API/ProductManager.API.csproj" />
  </Folder>
  <Folder Name="/Presentation/WebUI/">
    <Project Path="ProductManager.WebUI.Presentation/ProductManager.WebUI.Presentation.csproj" Id="34aa40f1-a044-4915-b8fa-89d1c97c8292" />
    <Project Path="ProductManager.WebUI/ProductManager.WebUI.csproj" Id="d08cdd71-df98-4b50-8dcc-5432dc3399fa" />
  </Folder>
  <Folder Name="/Shared/">
    <Project Path="ProductManager.Repository.Shared/ProductManager.Repository.Shared.csproj" />
    <Project Path="ProductManager.Service.Shared/ProductManager.Service.Shared.csproj" />
    <Project Path="ProductManager.Shared/ProductManager.Shared.csproj" />
  </Folder>
</Solution>
